<?xml version="1.0" encoding="utf-8"?>
<Project ToolsVersion="4.0" xmlns="http://schemas.microsoft.com/developer/msbuild/2003">
  <ItemGroup>
    <ClInclude Include="..\..\src\graphics\FixedFunctionGL.hpp">
      <Filter>graphics</Filter>
    </ClInclude>
    <ClInclude Include="..\..\src\graphics\GfxInterface.hpp">
      <Filter>graphics</Filter>
    </ClInclude>
    <ClInclude Include="..\..\src\pbg3\FileAbstraction.hpp">
      <Filter>pbg3</Filter>
    </ClInclude>
    <ClInclude Include="..\..\src\pbg3\IPbg3Parser.hpp">
      <Filter>pbg3</Filter>
    </ClInclude>
    <ClInclude Include="..\..\src\pbg3\Pbg3Archive.hpp">
      <Filter>pbg3</Filter>
    </ClInclude>
    <ClInclude Include="..\..\src\pbg3\Pbg3Parser.hpp">
      <Filter>pbg3</Filter>
    </ClInclude>
    <ClInclude Include="..\..\src\font\msgothic.ttc.h">
      <Filter>font</Filter>
    </ClInclude>
    <ClInclude Include="..\..\src\graphics\GLFunc.hpp">
      <Filter>graphics</Filter>
    </ClInclude>
    <ClInclude Include="..\..\src\midi\MidiAlsa.hpp">
      <Filter>midi</Filter>
    </ClInclude>
    <ClInclude Include="..\..\src\midi\MidiWin32.hpp">
      <Filter>midi</Filter>
    </ClInclude>
    <ClInclude Include="..\..\src\thirdparty\sjis_conv_table.h">
      <Filter>thirdparty</Filter>
    </ClInclude>
    <ClInclude Include="..\..\src\thirdparty\sjis_converter.h">
      <Filter>thirdparty</Filter>
    </ClInclude>
    <ClInclude Include="..\..\src\AnmIdx.hpp" />
    <ClInclude Include="..\..\src\AnmManager.hpp" />
    <ClInclude Include="..\..\src\AnmVm.hpp" />
    <ClInclude Include="..\..\src\AsciiManager.hpp" />
    <ClInclude Include="..\..\src\BombData.hpp" />
    <ClInclude Include="..\..\src\BulletData.hpp" />
    <ClInclude Include="..\..\src\BulletManager.hpp" />
    <ClInclude Include="..\..\src\Chain.hpp" />
    <ClInclude Include="..\..\src\ChainPriorities.hpp" />
    <ClInclude Include="..\..\src\Controller.hpp" />
    <ClInclude Include="..\..\src\EclManager.hpp" />
    <ClInclude Include="..\..\src\Effect.hpp" />
    <ClInclude Include="..\..\src\EffectManager.hpp" />
    <ClInclude Include="..\..\src\Ending.hpp" />
    <ClInclude Include="..\..\src\Enemy.hpp" />
    <ClInclude Include="..\..\src\EnemyEclInstr.hpp" />
    <ClInclude Include="..\..\src\EnemyManager.hpp" />
    <ClInclude Include="..\..\src\FileSystem.hpp" />
    <ClInclude Include="..\..\src\GameErrorContext.hpp" />
    <ClInclude Include="..\..\src\GameManager.hpp" />
    <ClInclude Include="..\..\src\GameWindow.hpp" />
    <ClInclude Include="..\..\src\Gui.hpp" />
    <ClInclude Include="..\..\src\i18n.hpp" />
    <ClInclude Include="..\..\src\inttypes.hpp" />
    <ClInclude Include="..\..\src\ItemManager.hpp" />
    <ClInclude Include="..\..\src\MainMenu.hpp" />
    <ClInclude Include="..\..\src\MidiOutput.hpp" />
    <ClInclude Include="..\..\src\MusicRoom.hpp" />
    <ClInclude Include="..\..\src\Player.hpp" />
    <ClInclude Include="..\..\src\ReplayData.hpp" />
    <ClInclude Include="..\..\src\ReplayManager.hpp" />
    <ClInclude Include="..\..\src\ResultScreen.hpp" />
    <ClInclude Include="..\..\src\Rng.hpp" />
    <ClInclude Include="..\..\src\ScreenEffect.hpp" />
    <ClInclude Include="..\..\src\SoundPlayer.hpp" />
    <ClInclude Include="..\..\src\Stage.hpp" />
    <ClInclude Include="..\..\src\StageMenu.hpp" />
    <ClInclude Include="..\..\src\Supervisor.hpp" />
    <ClInclude Include="..\..\src\TextHelper.hpp" />
    <ClInclude Include="..\..\src\utils.hpp" />
    <ClInclude Include="..\..\src\ZunColor.hpp" />
    <ClInclude Include="..\..\src\ZunMath.hpp" />
    <ClInclude Include="..\..\src\ZunMemory.hpp" />
    <ClInclude Include="..\..\src\ZunResult.hpp" />
    <ClInclude Include="..\..\src\ZunTimer.hpp" />
    <ClInclude Include="..\..\src\ZunEndian.hpp" />
    <ClInclude Include="..\..\src\GamePaths.hpp" />
    <ClInclude Include="..\..\src\thirdparty\imstb_truetype.h">
      <Filter>thirdparty</Filter>
    </ClInclude>
    <ClInclude Include="..\..\src\thirdparty\stb_image.h">
      <Filter>thirdparty</Filter>
    </ClInclude>
    <ClInclude Include="..\..\src\thirdparty\stb_image_resize.h">
      <Filter>thirdparty</Filter>
    </ClInclude>
    <ClInclude Include="..\..\src\midi\MidiPs3.hpp">
      <Filter>midi</Filter>
    </ClInclude>
  </ItemGroup>
  <ItemGroup>
    <ClCompile Include="..\..\src\graphics\FixedFunctionGL.cpp">
      <Filter>graphics</Filter>
    </ClCompile>
    <ClCompile Include="..\..\src\pbg3\FileAbstraction.cpp">
      <Filter>pbg3</Filter>
    </ClCompile>
    <ClCompile Include="..\..\src\pbg3\IPbg3Parser.cpp">
      <Filter>pbg3</Filter>
    </ClCompile>
    <ClCompile Include="..\..\src\pbg3\Pbg3Archive.cpp">
      <Filter>pbg3</Filter>
    </ClCompile>
    <ClCompile Include="..\..\src\pbg3\Pbg3Parser.cpp">
      <Filter>pbg3</Filter>
    </ClCompile>
    <ClCompile Include="..\..\src\graphics\GLFunc.cpp">
      <Filter>graphics</Filter>
    </ClCompile>
    <ClCompile Include="..\..\src\midi\MidiAlsa.cpp">
      <Filter>midi</Filter>
    </ClCompile>
    <ClCompile Include="..\..\src\midi\MidiWin32.cpp">
      <Filter>midi</Filter>
    </ClCompile>
    <ClCompile Include="..\..\src\thirdparty\sjis_converter.cpp">
      <Filter>thirdparty</Filter>
    </ClCompile>
    <ClCompile Include="..\..\src\AnmManager.cpp" />
    <ClCompile Include="..\..\src\AsciiManager.cpp" />
    <ClCompile Include="..\..\src\BombData.cpp" />
    <ClCompile Include="..\..\src\BulletData.cpp" />
    <ClCompile Include="..\..\src\BulletManager.cpp" />
    <ClCompile Include="..\..\src\Chain.cpp" />
    <ClCompile Include="..\..\src\Controller.cpp" />
    <ClCompile Include="..\..\src\EclManager.cpp" />
    <ClCompile Include="..\..\src\EffectManager.cpp" />
    <ClCompile Include="..\..\src\Ending.cpp" />
    <ClCompile Include="..\..\src\EnemyEclInstr.cpp" />
    <ClCompile Include="..\..\src\EnemyManager.cpp" />
    <ClCompile Include="..\..\src\FileSystem.cpp" />
    <ClCompile Include="..\..\src\GameErrorContext.cpp" />
    <ClCompile Include="..\..\src\GameManager.cpp" />
    <ClCompile Include="..\..\src\GameWindow.cpp" />
    <ClCompile Include="..\..\src\Gui.cpp" />
    <ClCompile Include="..\..\src\ItemManager.cpp" />
    <ClCompile Include="..\..\src\main.cpp" />
    <ClCompile Include="..\..\src\MainMenu.cpp" />
    <ClCompile Include="..\..\src\MidiOutput.cpp" />
    <ClCompile Include="..\..\src\MusicRoom.cpp" />
    <ClCompile Include="..\..\src\Player.cpp" />
    <ClCompile Include="..\..\src\ReplayManager.cpp" />
    <ClCompile Include="..\..\src\ResultScreen.cpp" />
    <ClCompile Include="..\..\src\Rng.cpp" />
    <ClCompile Include="..\..\src\ScreenEffect.cpp" />
    <ClCompile Include="..\..\src\SoundPlayer.cpp" />
    <ClCompile Include="..\..\src\Stage.cpp" />
    <ClCompile Include="..\..\src\Supervisor.cpp" />
    <ClCompile Include="..\..\src\TextHelper.cpp" />
    <ClCompile Include="..\..\src\utils.cpp" />
    <ClCompile Include="..\..\src\ZunMath.cpp" />
    <ClCompile Include="..\..\src\ZunTimer.cpp" />
    <ClCompile Include="..\..\src\GamePaths.cpp" />
    <ClCompile Include="..\..\src\midi\MidiPs3.cpp">
      <Filter>midi</Filter>
    </ClCompile>
    <ClCompile Include="..\..\src\ZunMemory.cpp" />
  </ItemGroup>
  <ItemGroup>
    <None Include="..\..\src\graphics\ff.frag">
      <Filter>graphics</Filter>
    </None>
    <None Include="..\..\src\graphics\ff.vert">
      <Filter>graphics</Filter>
    </None>
  </ItemGroup>
  <ItemGroup>
    <Filter Include="graphics">
      <UniqueIdentifier>{f0108f5e-232a-47b1-99c0-c9b658a5e829}</UniqueIdentifier>
    </Filter>
    <Filter Include="midi">
      <UniqueIdentifier>{1ef65e5a-bc48-47ca-8cde-af653159996d}</UniqueIdentifier>
    </Filter>
    <Filter Include="pbg3">
      <UniqueIdentifier>{a719d82e-a486-46d5-8e07-83eeac5e9367}</UniqueIdentifier>
    </Filter>
    <Filter Include="font">
      <UniqueIdentifier>{3d041025-7e55-4663-8967-3f355100344f}</UniqueIdentifier>
    </Filter>
    <Filter Include="thirdparty">
      <UniqueIdentifier>{3f73cebb-95fd-428c-9cb4-8b2af224611d}</UniqueIdentifier>
    </Filter>
  </ItemGroup>
</Project>